// !$*UTF8*$!
{
	archiveVersion = 1;
	classes = {
	};
	objectVersion = 46;
	objects = {

/* Begin PBXAggregateTarget section */
		"JSON::JSONPackageTests::ProductTarget" /* JSONPackageTests */ = {
			isa = PBXAggregateTarget;
			buildConfigurationList = OBJ_354 /* Build configuration list for PBXAggregateTarget "JSONPackageTests" */;
			buildPhases = (
			);
			dependencies = (
				OBJ_357 /* PBXTargetDependency */,
			);
			name = JSONPackageTests;
			productName = JSONPackageTests;
		};
/* End PBXAggregateTarget section */

/* Begin PBXBuildFile section */
		OBJ_173 /* JSONConvertibleTests.swift in Sources */ = {isa = PBXBuildFile; fileRef = OBJ_20 /* JSONConvertibleTests.swift */; };
		OBJ_174 /* JSONTests.swift in Sources */ = {isa = PBXBuildFile; fileRef = OBJ_21 /* JSONTests.swift */; };
		OBJ_201 /* JSON+Bytes.swift in Sources */ = {isa = PBXBuildFile; fileRef = OBJ_9 /* JSON+Bytes.swift */; };
		OBJ_202 /* JSON+Equatable.swift in Sources */ = {isa = PBXBuildFile; fileRef = OBJ_10 /* JSON+Equatable.swift */; };
		OBJ_203 /* JSON+Fuzzy.swift in Sources */ = {isa = PBXBuildFile; fileRef = OBJ_11 /* JSON+Fuzzy.swift */; };
		OBJ_204 /* JSON+Parse.swift in Sources */ = {isa = PBXBuildFile; fileRef = OBJ_12 /* JSON+Parse.swift */; };
		OBJ_205 /* JSON+Serialize.swift in Sources */ = {isa = PBXBuildFile; fileRef = OBJ_13 /* JSON+Serialize.swift */; };
		OBJ_206 /* JSON.swift in Sources */ = {isa = PBXBuildFile; fileRef = OBJ_14 /* JSON.swift */; };
		OBJ_207 /* JSONContext.swift in Sources */ = {isa = PBXBuildFile; fileRef = OBJ_15 /* JSONContext.swift */; };
		OBJ_208 /* JSONRepresentable.swift in Sources */ = {isa = PBXBuildFile; fileRef = OBJ_16 /* JSONRepresentable.swift */; };
		OBJ_209 /* Sequence+Convertible.swift in Sources */ = {isa = PBXBuildFile; fileRef = OBJ_17 /* Sequence+Convertible.swift */; };
/* End PBXBuildFile section */

/* Begin PBXContainerItemProxy section */
		0480A7C81F85160C00204C4F /* PBXContainerItemProxy */ = {
			isa = PBXContainerItemProxy;
			containerPortal = OBJ_1 /* Project object */;
			proxyType = 1;
			remoteGlobalIDString = "Node::Node";
			remoteInfo = Node;
		};
		0480A7C91F85160C00204C4F /* PBXContainerItemProxy */ = {
			isa = PBXContainerItemProxy;
			containerPortal = OBJ_1 /* Project object */;
			proxyType = 1;
			remoteGlobalIDString = "Core::Core";
			remoteInfo = Core;
		};
		0480A7CA1F85160C00204C4F /* PBXContainerItemProxy */ = {
			isa = PBXContainerItemProxy;
			containerPortal = OBJ_1 /* Project object */;
			proxyType = 1;
			remoteGlobalIDString = "Debugging::Debugging";
			remoteInfo = Debugging;
		};
		0480A7CB1F85160C00204C4F /* PBXContainerItemProxy */ = {
			isa = PBXContainerItemProxy;
			containerPortal = OBJ_1 /* Project object */;
			proxyType = 1;
			remoteGlobalIDString = "Bits::Bits";
			remoteInfo = Bits;
		};
		0480A7CC1F85160C00204C4F /* PBXContainerItemProxy */ = {
			isa = PBXContainerItemProxy;
			containerPortal = OBJ_1 /* Project object */;
			proxyType = 1;
			remoteGlobalIDString = "Core::libc";
			remoteInfo = libc;
		};
		0480A7CD1F85160C00204C4F /* PBXContainerItemProxy */ = {
			isa = PBXContainerItemProxy;
			containerPortal = OBJ_1 /* Project object */;
			proxyType = 1;
			remoteGlobalIDString = "Debugging::Debugging";
			remoteInfo = Debugging;
		};
		0480A7CE1F85160C00204C4F /* PBXContainerItemProxy */ = {
			isa = PBXContainerItemProxy;
			containerPortal = OBJ_1 /* Project object */;
			proxyType = 1;
			remoteGlobalIDString = "Core::libc";
			remoteInfo = libc;
		};
		0480A7CF1F85160C00204C4F /* PBXContainerItemProxy */ = {
			isa = PBXContainerItemProxy;
			containerPortal = OBJ_1 /* Project object */;
			proxyType = 1;
			remoteGlobalIDString = "Bits::Bits";
			remoteInfo = Bits;
		};
		0480A7D01F85160C00204C4F /* PBXContainerItemProxy */ = {
			isa = PBXContainerItemProxy;
			containerPortal = OBJ_1 /* Project object */;
			proxyType = 1;
			remoteGlobalIDString = "Node::PathIndexable";
			remoteInfo = PathIndexable;
		};
		0480A7D11F85160C00204C4F /* PBXContainerItemProxy */ = {
			isa = PBXContainerItemProxy;
			containerPortal = OBJ_1 /* Project object */;
			proxyType = 1;
			remoteGlobalIDString = "Node::PathIndexable";
			remoteInfo = PathIndexable;
		};
		0480A7D21F85160C00204C4F /* PBXContainerItemProxy */ = {
			isa = PBXContainerItemProxy;
			containerPortal = OBJ_1 /* Project object */;
			proxyType = 1;
			remoteGlobalIDString = "Core::Core";
			remoteInfo = Core;
		};
		0480A7D31F85160C00204C4F /* PBXContainerItemProxy */ = {
			isa = PBXContainerItemProxy;
			containerPortal = OBJ_1 /* Project object */;
			proxyType = 1;
			remoteGlobalIDString = "Debugging::Debugging";
			remoteInfo = Debugging;
		};
		0480A7D41F85160C00204C4F /* PBXContainerItemProxy */ = {
			isa = PBXContainerItemProxy;
			containerPortal = OBJ_1 /* Project object */;
			proxyType = 1;
			remoteGlobalIDString = "Bits::Bits";
			remoteInfo = Bits;
		};
		0480A7D51F85160C00204C4F /* PBXContainerItemProxy */ = {
			isa = PBXContainerItemProxy;
			containerPortal = OBJ_1 /* Project object */;
			proxyType = 1;
			remoteGlobalIDString = "Core::libc";
			remoteInfo = libc;
		};
		0480A7D61F85160C00204C4F /* PBXContainerItemProxy */ = {
			isa = PBXContainerItemProxy;
			containerPortal = OBJ_1 /* Project object */;
			proxyType = 1;
			remoteGlobalIDString = "JSON::JSON";
			remoteInfo = JSON;
		};
		0480A7D71F85160C00204C4F /* PBXContainerItemProxy */ = {
			isa = PBXContainerItemProxy;
			containerPortal = OBJ_1 /* Project object */;
			proxyType = 1;
			remoteGlobalIDString = "Node::Node";
			remoteInfo = Node;
		};
		0480A7D81F85160C00204C4F /* PBXContainerItemProxy */ = {
			isa = PBXContainerItemProxy;
			containerPortal = OBJ_1 /* Project object */;
			proxyType = 1;
			remoteGlobalIDString = "Node::PathIndexable";
			remoteInfo = PathIndexable;
		};
		0480A7D91F85160C00204C4F /* PBXContainerItemProxy */ = {
			isa = PBXContainerItemProxy;
			containerPortal = OBJ_1 /* Project object */;
			proxyType = 1;
			remoteGlobalIDString = "Core::Core";
			remoteInfo = Core;
		};
		0480A7DA1F85160C00204C4F /* PBXContainerItemProxy */ = {
			isa = PBXContainerItemProxy;
			containerPortal = OBJ_1 /* Project object */;
			proxyType = 1;
			remoteGlobalIDString = "Debugging::Debugging";
			remoteInfo = Debugging;
		};
		0480A7DB1F85160C00204C4F /* PBXContainerItemProxy */ = {
			isa = PBXContainerItemProxy;
			containerPortal = OBJ_1 /* Project object */;
			proxyType = 1;
			remoteGlobalIDString = "Bits::Bits";
			remoteInfo = Bits;
		};
		0480A7DC1F85160C00204C4F /* PBXContainerItemProxy */ = {
			isa = PBXContainerItemProxy;
			containerPortal = OBJ_1 /* Project object */;
			proxyType = 1;
			remoteGlobalIDString = "Core::libc";
			remoteInfo = libc;
		};
		0480A7DD1F85160D00204C4F /* PBXContainerItemProxy */ = {
			isa = PBXContainerItemProxy;
			containerPortal = OBJ_1 /* Project object */;
			proxyType = 1;
			remoteGlobalIDString = "JSON::JSONTests";
			remoteInfo = JSONTests;
		};
/* End PBXContainerItemProxy section */

/* Begin PBXFileReference section */
		0480A7DE1F85162D00204C4F /* Cartfile */ = {isa = PBXFileReference; fileEncoding = 4; lastKnownFileType = text; path = Cartfile; sourceTree = "<group>"; };
		"Bits::Bits::Product" /* Bits.framework */ = {isa = PBXFileReference; explicitFileType = wrapper.framework; name = Bits.framework; path = "/Users/joohan/provivus/mvn/json/build/Debug-iphoneos/Bits.framework"; sourceTree = "<absolute>"; };
		"Core::Core::Product" /* Core.framework */ = {isa = PBXFileReference; explicitFileType = wrapper.framework; name = Core.framework; path = "/Users/joohan/provivus/mvn/json/build/Debug-iphoneos/Core.framework"; sourceTree = "<absolute>"; };
		"Core::libc::Product" /* libc.framework */ = {isa = PBXFileReference; explicitFileType = wrapper.framework; name = libc.framework; path = "/Users/joohan/provivus/mvn/json/build/Debug-iphoneos/libc.framework"; sourceTree = "<absolute>"; };
		"Debugging::Debugging::Product" /* Debugging.framework */ = {isa = PBXFileReference; explicitFileType = wrapper.framework; name = Debugging.framework; path = "/Users/joohan/provivus/mvn/json/build/Debug-iphoneos/Debugging.framework"; sourceTree = "<absolute>"; };
		"JSON::JSON::Product" /* JSON.framework */ = {isa = PBXFileReference; explicitFileType = wrapper.framework; name = JSON.framework; path = "/Users/joohan/provivus/mvn/json/build/Debug-iphoneos/JSON.framework"; sourceTree = "<absolute>"; };
		"JSON::JSONTests::Product" /* JSONTests.xctest */ = {isa = PBXFileReference; explicitFileType = wrapper.cfbundle; name = JSONTests.xctest; path = "/Users/joohan/provivus/mvn/json/build/Debug-iphoneos/JSONTests.xctest"; sourceTree = "<absolute>"; };
		"Node::Node::Product" /* Node.framework */ = {isa = PBXFileReference; explicitFileType = wrapper.framework; name = Node.framework; path = "/Users/joohan/provivus/mvn/json/build/Debug-iphoneos/Node.framework"; sourceTree = "<absolute>"; };
		"Node::PathIndexable::Product" /* PathIndexable.framework */ = {isa = PBXFileReference; explicitFileType = wrapper.framework; name = PathIndexable.framework; path = "/Users/joohan/provivus/mvn/json/build/Debug-iphoneos/PathIndexable.framework"; sourceTree = "<absolute>"; };
		OBJ_10 /* JSON+Equatable.swift */ = {isa = PBXFileReference; lastKnownFileType = sourcecode.swift; path = "JSON+Equatable.swift"; sourceTree = "<group>"; };
		OBJ_11 /* JSON+Fuzzy.swift */ = {isa = PBXFileReference; lastKnownFileType = sourcecode.swift; path = "JSON+Fuzzy.swift"; sourceTree = "<group>"; };
		OBJ_12 /* JSON+Parse.swift */ = {isa = PBXFileReference; lastKnownFileType = sourcecode.swift; path = "JSON+Parse.swift"; sourceTree = "<group>"; };
		OBJ_13 /* JSON+Serialize.swift */ = {isa = PBXFileReference; lastKnownFileType = sourcecode.swift; path = "JSON+Serialize.swift"; sourceTree = "<group>"; };
		OBJ_14 /* JSON.swift */ = {isa = PBXFileReference; lastKnownFileType = sourcecode.swift; path = JSON.swift; sourceTree = "<group>"; };
		OBJ_15 /* JSONContext.swift */ = {isa = PBXFileReference; lastKnownFileType = sourcecode.swift; path = JSONContext.swift; sourceTree = "<group>"; };
		OBJ_16 /* JSONRepresentable.swift */ = {isa = PBXFileReference; lastKnownFileType = sourcecode.swift; path = JSONRepresentable.swift; sourceTree = "<group>"; };
		OBJ_17 /* Sequence+Convertible.swift */ = {isa = PBXFileReference; lastKnownFileType = sourcecode.swift; path = "Sequence+Convertible.swift"; sourceTree = "<group>"; };
		OBJ_20 /* JSONConvertibleTests.swift */ = {isa = PBXFileReference; lastKnownFileType = sourcecode.swift; path = JSONConvertibleTests.swift; sourceTree = "<group>"; };
		OBJ_21 /* JSONTests.swift */ = {isa = PBXFileReference; lastKnownFileType = sourcecode.swift; path = JSONTests.swift; sourceTree = "<group>"; };
		OBJ_9 /* JSON+Bytes.swift */ = {isa = PBXFileReference; lastKnownFileType = sourcecode.swift; path = "JSON+Bytes.swift"; sourceTree = "<group>"; };
/* End PBXFileReference section */

/* Begin PBXFrameworksBuildPhase section */
		OBJ_175 /* Frameworks */ = {
			isa = PBXFrameworksBuildPhase;
			buildActionMask = 0;
			files = (
			);
			runOnlyForDeploymentPostprocessing = 0;
		};
		OBJ_210 /* Frameworks */ = {
			isa = PBXFrameworksBuildPhase;
			buildActionMask = 0;
			files = (
			);
			runOnlyForDeploymentPostprocessing = 0;
		};
		OBJ_265 /* Frameworks */ = {
			isa = PBXFrameworksBuildPhase;
			buildActionMask = 0;
			files = (
			);
			runOnlyForDeploymentPostprocessing = 0;
		};
		OBJ_282 /* Frameworks */ = {
			isa = PBXFrameworksBuildPhase;
			buildActionMask = 0;
			files = (
			);
			runOnlyForDeploymentPostprocessing = 0;
		};
		OBJ_310 /* Frameworks */ = {
			isa = PBXFrameworksBuildPhase;
			buildActionMask = 0;
			files = (
			);
			runOnlyForDeploymentPostprocessing = 0;
		};
		OBJ_322 /* Frameworks */ = {
			isa = PBXFrameworksBuildPhase;
			buildActionMask = 0;
			files = (
			);
			runOnlyForDeploymentPostprocessing = 0;
		};
		OBJ_346 /* Frameworks */ = {
			isa = PBXFrameworksBuildPhase;
			buildActionMask = 0;
			files = (
			);
			runOnlyForDeploymentPostprocessing = 0;
		};
		OBJ_352 /* Frameworks */ = {
			isa = PBXFrameworksBuildPhase;
			buildActionMask = 0;
			files = (
			);
			runOnlyForDeploymentPostprocessing = 0;
		};
/* End PBXFrameworksBuildPhase section */

/* Begin PBXGroup section */
		OBJ_18 /* Tests */ = {
			isa = PBXGroup;
			children = (
				OBJ_19 /* JSONTests */,
			);
			name = Tests;
			sourceTree = SOURCE_ROOT;
		};
		OBJ_19 /* JSONTests */ = {
			isa = PBXGroup;
			children = (
				OBJ_20 /* JSONConvertibleTests.swift */,
				OBJ_21 /* JSONTests.swift */,
			);
			name = JSONTests;
			path = Tests/JSONTests;
			sourceTree = SOURCE_ROOT;
		};
		OBJ_5 = {
			isa = PBXGroup;
			children = (
				0480A7DE1F85162D00204C4F /* Cartfile */,
				OBJ_7 /* Sources */,
				OBJ_18 /* Tests */,
			);
			sourceTree = "<group>";
		};
		OBJ_7 /* Sources */ = {
			isa = PBXGroup;
			children = (
				OBJ_8 /* JSON */,
			);
			name = Sources;
			sourceTree = SOURCE_ROOT;
		};
		OBJ_8 /* JSON */ = {
			isa = PBXGroup;
			children = (
				OBJ_9 /* JSON+Bytes.swift */,
				OBJ_10 /* JSON+Equatable.swift */,
				OBJ_11 /* JSON+Fuzzy.swift */,
				OBJ_12 /* JSON+Parse.swift */,
				OBJ_13 /* JSON+Serialize.swift */,
				OBJ_14 /* JSON.swift */,
				OBJ_15 /* JSONContext.swift */,
				OBJ_16 /* JSONRepresentable.swift */,
				OBJ_17 /* Sequence+Convertible.swift */,
			);
			name = JSON;
			path = Sources/JSON;
			sourceTree = SOURCE_ROOT;
		};
/* End PBXGroup section */

/* Begin PBXNativeTarget section */
		"Bits::Bits" /* Bits */ = {
			isa = PBXNativeTarget;
			buildConfigurationList = OBJ_323 /* Build configuration list for PBXNativeTarget "Bits" */;
			buildPhases = (
				OBJ_326 /* Sources */,
				OBJ_346 /* Frameworks */,
			);
			buildRules = (
			);
			dependencies = (
			);
			name = Bits;
			productName = Bits;
			productReference = "Bits::Bits::Product" /* Bits.framework */;
			productType = "com.apple.product-type.framework";
		};
		"Bits::SwiftPMPackageDescription" /* BitsPackageDescription */ = {
			isa = PBXNativeTarget;
			buildConfigurationList = OBJ_163 /* Build configuration list for PBXNativeTarget "BitsPackageDescription" */;
			buildPhases = (
				OBJ_166 /* Sources */,
			);
			buildRules = (
			);
			dependencies = (
			);
			name = BitsPackageDescription;
			productName = BitsPackageDescription;
			productType = "com.apple.product-type.framework";
		};
		"Core::Core" /* Core */ = {
			isa = PBXNativeTarget;
			buildConfigurationList = OBJ_283 /* Build configuration list for PBXNativeTarget "Core" */;
			buildPhases = (
				OBJ_286 /* Sources */,
				OBJ_310 /* Frameworks */,
			);
			buildRules = (
			);
			dependencies = (
				OBJ_314 /* PBXTargetDependency */,
				OBJ_315 /* PBXTargetDependency */,
				OBJ_316 /* PBXTargetDependency */,
			);
			name = Core;
			productName = Core;
			productReference = "Core::Core::Product" /* Core.framework */;
			productType = "com.apple.product-type.framework";
		};
		"Core::SwiftPMPackageDescription" /* CorePackageDescription */ = {
			isa = PBXNativeTarget;
			buildConfigurationList = OBJ_151 /* Build configuration list for PBXNativeTarget "CorePackageDescription" */;
			buildPhases = (
				OBJ_154 /* Sources */,
			);
			buildRules = (
			);
			dependencies = (
			);
			name = CorePackageDescription;
			productName = CorePackageDescription;
			productType = "com.apple.product-type.framework";
		};
		"Core::libc" /* libc */ = {
			isa = PBXNativeTarget;
			buildConfigurationList = OBJ_347 /* Build configuration list for PBXNativeTarget "libc" */;
			buildPhases = (
				OBJ_350 /* Sources */,
				OBJ_352 /* Frameworks */,
			);
			buildRules = (
			);
			dependencies = (
			);
			name = libc;
			productName = libc;
			productReference = "Core::libc::Product" /* libc.framework */;
			productType = "com.apple.product-type.framework";
		};
		"Debugging::Debugging" /* Debugging */ = {
			isa = PBXNativeTarget;
			buildConfigurationList = OBJ_317 /* Build configuration list for PBXNativeTarget "Debugging" */;
			buildPhases = (
				OBJ_320 /* Sources */,
				OBJ_322 /* Frameworks */,
			);
			buildRules = (
			);
			dependencies = (
			);
			name = Debugging;
			productName = Debugging;
			productReference = "Debugging::Debugging::Product" /* Debugging.framework */;
			productType = "com.apple.product-type.framework";
		};
		"Debugging::SwiftPMPackageDescription" /* DebuggingPackageDescription */ = {
			isa = PBXNativeTarget;
			buildConfigurationList = OBJ_157 /* Build configuration list for PBXNativeTarget "DebuggingPackageDescription" */;
			buildPhases = (
				OBJ_160 /* Sources */,
			);
			buildRules = (
			);
			dependencies = (
			);
			name = DebuggingPackageDescription;
			productName = DebuggingPackageDescription;
			productType = "com.apple.product-type.framework";
		};
		"JSON::JSON" /* JSON */ = {
			isa = PBXNativeTarget;
			buildConfigurationList = OBJ_197 /* Build configuration list for PBXNativeTarget "JSON" */;
			buildPhases = (
				OBJ_200 /* Sources */,
				OBJ_210 /* Frameworks */,
			);
			buildRules = (
			);
			dependencies = (
				OBJ_217 /* PBXTargetDependency */,
				OBJ_218 /* PBXTargetDependency */,
				OBJ_219 /* PBXTargetDependency */,
				OBJ_220 /* PBXTargetDependency */,
				OBJ_221 /* PBXTargetDependency */,
				OBJ_222 /* PBXTargetDependency */,
			);
			name = JSON;
			productName = JSON;
			productReference = "JSON::JSON::Product" /* JSON.framework */;
			productType = "com.apple.product-type.framework";
		};
		"JSON::JSONTests" /* JSONTests */ = {
			isa = PBXNativeTarget;
			buildConfigurationList = OBJ_169 /* Build configuration list for PBXNativeTarget "JSONTests" */;
			buildPhases = (
				OBJ_172 /* Sources */,
				OBJ_175 /* Frameworks */,
			);
			buildRules = (
			);
			dependencies = (
				OBJ_183 /* PBXTargetDependency */,
				OBJ_185 /* PBXTargetDependency */,
				OBJ_187 /* PBXTargetDependency */,
				OBJ_189 /* PBXTargetDependency */,
				OBJ_191 /* PBXTargetDependency */,
				OBJ_193 /* PBXTargetDependency */,
				OBJ_195 /* PBXTargetDependency */,
			);
			name = JSONTests;
			productName = JSONTests;
			productReference = "JSON::JSONTests::Product" /* JSONTests.xctest */;
			productType = "com.apple.product-type.bundle.unit-test";
		};
		"JSON::SwiftPMPackageDescription" /* JSONPackageDescription */ = {
			isa = PBXNativeTarget;
			buildConfigurationList = OBJ_139 /* Build configuration list for PBXNativeTarget "JSONPackageDescription" */;
			buildPhases = (
				OBJ_142 /* Sources */,
			);
			buildRules = (
			);
			dependencies = (
			);
			name = JSONPackageDescription;
			productName = JSONPackageDescription;
			productType = "com.apple.product-type.framework";
		};
		"Node::Node" /* Node */ = {
			isa = PBXNativeTarget;
			buildConfigurationList = OBJ_223 /* Build configuration list for PBXNativeTarget "Node" */;
			buildPhases = (
				OBJ_226 /* Sources */,
				OBJ_265 /* Frameworks */,
			);
			buildRules = (
			);
			dependencies = (
				OBJ_271 /* PBXTargetDependency */,
				OBJ_272 /* PBXTargetDependency */,
				OBJ_273 /* PBXTargetDependency */,
				OBJ_274 /* PBXTargetDependency */,
				OBJ_275 /* PBXTargetDependency */,
			);
			name = Node;
			productName = Node;
			productReference = "Node::Node::Product" /* Node.framework */;
			productType = "com.apple.product-type.framework";
		};
		"Node::PathIndexable" /* PathIndexable */ = {
			isa = PBXNativeTarget;
			buildConfigurationList = OBJ_276 /* Build configuration list for PBXNativeTarget "PathIndexable" */;
			buildPhases = (
				OBJ_279 /* Sources */,
				OBJ_282 /* Frameworks */,
			);
			buildRules = (
			);
			dependencies = (
			);
			name = PathIndexable;
			productName = PathIndexable;
			productReference = "Node::PathIndexable::Product" /* PathIndexable.framework */;
			productType = "com.apple.product-type.framework";
		};
		"Node::SwiftPMPackageDescription" /* NodePackageDescription */ = {
			isa = PBXNativeTarget;
			buildConfigurationList = OBJ_145 /* Build configuration list for PBXNativeTarget "NodePackageDescription" */;
			buildPhases = (
				OBJ_148 /* Sources */,
			);
			buildRules = (
			);
			dependencies = (
			);
			name = NodePackageDescription;
			productName = NodePackageDescription;
			productType = "com.apple.product-type.framework";
		};
/* End PBXNativeTarget section */

/* Begin PBXProject section */
		OBJ_1 /* Project object */ = {
			isa = PBXProject;
			attributes = {
				LastUpgradeCheck = 9999;
			};
			buildConfigurationList = OBJ_2 /* Build configuration list for PBXProject "JSON" */;
			compatibilityVersion = "Xcode 3.2";
			developmentRegion = English;
			hasScannedForEncodings = 0;
			knownRegions = (
				en,
			);
			mainGroup = OBJ_5;
			productRefGroup = OBJ_5;
			projectDirPath = "";
			projectRoot = "";
			targets = (
				"JSON::SwiftPMPackageDescription" /* JSONPackageDescription */,
				"Node::SwiftPMPackageDescription" /* NodePackageDescription */,
				"Core::SwiftPMPackageDescription" /* CorePackageDescription */,
				"Debugging::SwiftPMPackageDescription" /* DebuggingPackageDescription */,
				"Bits::SwiftPMPackageDescription" /* BitsPackageDescription */,
				"JSON::JSONTests" /* JSONTests */,
				"JSON::JSON" /* JSON */,
				"Node::Node" /* Node */,
				"Node::PathIndexable" /* PathIndexable */,
				"Core::Core" /* Core */,
				"Debugging::Debugging" /* Debugging */,
				"Bits::Bits" /* Bits */,
				"Core::libc" /* libc */,
				"JSON::JSONPackageTests::ProductTarget" /* JSONPackageTests */,
			);
		};
/* End PBXProject section */

/* Begin PBXSourcesBuildPhase section */
		OBJ_142 /* Sources */ = {
			isa = PBXSourcesBuildPhase;
			buildActionMask = 0;
			files = (
			);
			runOnlyForDeploymentPostprocessing = 0;
		};
		OBJ_148 /* Sources */ = {
			isa = PBXSourcesBuildPhase;
			buildActionMask = 0;
			files = (
			);
			runOnlyForDeploymentPostprocessing = 0;
		};
		OBJ_154 /* Sources */ = {
			isa = PBXSourcesBuildPhase;
			buildActionMask = 0;
			files = (
			);
			runOnlyForDeploymentPostprocessing = 0;
		};
		OBJ_160 /* Sources */ = {
			isa = PBXSourcesBuildPhase;
			buildActionMask = 0;
			files = (
			);
			runOnlyForDeploymentPostprocessing = 0;
		};
		OBJ_166 /* Sources */ = {
			isa = PBXSourcesBuildPhase;
			buildActionMask = 0;
			files = (
			);
			runOnlyForDeploymentPostprocessing = 0;
		};
		OBJ_172 /* Sources */ = {
			isa = PBXSourcesBuildPhase;
			buildActionMask = 0;
			files = (
				OBJ_173 /* JSONConvertibleTests.swift in Sources */,
				OBJ_174 /* JSONTests.swift in Sources */,
			);
			runOnlyForDeploymentPostprocessing = 0;
		};
		OBJ_200 /* Sources */ = {
			isa = PBXSourcesBuildPhase;
			buildActionMask = 0;
			files = (
				OBJ_201 /* JSON+Bytes.swift in Sources */,
				OBJ_202 /* JSON+Equatable.swift in Sources */,
				OBJ_203 /* JSON+Fuzzy.swift in Sources */,
				OBJ_204 /* JSON+Parse.swift in Sources */,
				OBJ_205 /* JSON+Serialize.swift in Sources */,
				OBJ_206 /* JSON.swift in Sources */,
				OBJ_207 /* JSONContext.swift in Sources */,
				OBJ_208 /* JSONRepresentable.swift in Sources */,
				OBJ_209 /* Sequence+Convertible.swift in Sources */,
			);
			runOnlyForDeploymentPostprocessing = 0;
		};
		OBJ_226 /* Sources */ = {
			isa = PBXSourcesBuildPhase;
			buildActionMask = 0;
			files = (
			);
			runOnlyForDeploymentPostprocessing = 0;
		};
		OBJ_279 /* Sources */ = {
			isa = PBXSourcesBuildPhase;
			buildActionMask = 0;
			files = (
			);
			runOnlyForDeploymentPostprocessing = 0;
		};
		OBJ_286 /* Sources */ = {
			isa = PBXSourcesBuildPhase;
			buildActionMask = 0;
			files = (
			);
			runOnlyForDeploymentPostprocessing = 0;
		};
		OBJ_320 /* Sources */ = {
			isa = PBXSourcesBuildPhase;
			buildActionMask = 0;
			files = (
			);
			runOnlyForDeploymentPostprocessing = 0;
		};
		OBJ_326 /* Sources */ = {
			isa = PBXSourcesBuildPhase;
			buildActionMask = 0;
			files = (
			);
			runOnlyForDeploymentPostprocessing = 0;
		};
		OBJ_350 /* Sources */ = {
			isa = PBXSourcesBuildPhase;
			buildActionMask = 0;
			files = (
			);
			runOnlyForDeploymentPostprocessing = 0;
		};
/* End PBXSourcesBuildPhase section */

/* Begin PBXTargetDependency section */
		OBJ_183 /* PBXTargetDependency */ = {
			isa = PBXTargetDependency;
			target = "JSON::JSON" /* JSON */;
			targetProxy = 0480A7D61F85160C00204C4F /* PBXContainerItemProxy */;
		};
		OBJ_185 /* PBXTargetDependency */ = {
			isa = PBXTargetDependency;
			target = "Node::Node" /* Node */;
			targetProxy = 0480A7D71F85160C00204C4F /* PBXContainerItemProxy */;
		};
		OBJ_187 /* PBXTargetDependency */ = {
			isa = PBXTargetDependency;
			target = "Node::PathIndexable" /* PathIndexable */;
			targetProxy = 0480A7D81F85160C00204C4F /* PBXContainerItemProxy */;
		};
		OBJ_189 /* PBXTargetDependency */ = {
			isa = PBXTargetDependency;
			target = "Core::Core" /* Core */;
			targetProxy = 0480A7D91F85160C00204C4F /* PBXContainerItemProxy */;
		};
		OBJ_191 /* PBXTargetDependency */ = {
			isa = PBXTargetDependency;
			target = "Debugging::Debugging" /* Debugging */;
			targetProxy = 0480A7DA1F85160C00204C4F /* PBXContainerItemProxy */;
		};
		OBJ_193 /* PBXTargetDependency */ = {
			isa = PBXTargetDependency;
			target = "Bits::Bits" /* Bits */;
			targetProxy = 0480A7DB1F85160C00204C4F /* PBXContainerItemProxy */;
		};
		OBJ_195 /* PBXTargetDependency */ = {
			isa = PBXTargetDependency;
			target = "Core::libc" /* libc */;
			targetProxy = 0480A7DC1F85160C00204C4F /* PBXContainerItemProxy */;
		};
		OBJ_217 /* PBXTargetDependency */ = {
			isa = PBXTargetDependency;
			target = "Node::Node" /* Node */;
			targetProxy = 0480A7C81F85160C00204C4F /* PBXContainerItemProxy */;
		};
		OBJ_218 /* PBXTargetDependency */ = {
			isa = PBXTargetDependency;
			target = "Node::PathIndexable" /* PathIndexable */;
			targetProxy = 0480A7D11F85160C00204C4F /* PBXContainerItemProxy */;
		};
		OBJ_219 /* PBXTargetDependency */ = {
			isa = PBXTargetDependency;
			target = "Core::Core" /* Core */;
			targetProxy = 0480A7D21F85160C00204C4F /* PBXContainerItemProxy */;
		};
		OBJ_220 /* PBXTargetDependency */ = {
			isa = PBXTargetDependency;
			target = "Debugging::Debugging" /* Debugging */;
			targetProxy = 0480A7D31F85160C00204C4F /* PBXContainerItemProxy */;
		};
		OBJ_221 /* PBXTargetDependency */ = {
			isa = PBXTargetDependency;
			target = "Bits::Bits" /* Bits */;
			targetProxy = 0480A7D41F85160C00204C4F /* PBXContainerItemProxy */;
		};
		OBJ_222 /* PBXTargetDependency */ = {
			isa = PBXTargetDependency;
			target = "Core::libc" /* libc */;
			targetProxy = 0480A7D51F85160C00204C4F /* PBXContainerItemProxy */;
		};
		OBJ_271 /* PBXTargetDependency */ = {
			isa = PBXTargetDependency;
			target = "Core::Core" /* Core */;
			targetProxy = 0480A7C91F85160C00204C4F /* PBXContainerItemProxy */;
		};
		OBJ_272 /* PBXTargetDependency */ = {
			isa = PBXTargetDependency;
			target = "Debugging::Debugging" /* Debugging */;
			targetProxy = 0480A7CD1F85160C00204C4F /* PBXContainerItemProxy */;
		};
		OBJ_273 /* PBXTargetDependency */ = {
			isa = PBXTargetDependency;
			target = "Core::libc" /* libc */;
			targetProxy = 0480A7CE1F85160C00204C4F /* PBXContainerItemProxy */;
		};
		OBJ_274 /* PBXTargetDependency */ = {
			isa = PBXTargetDependency;
			target = "Bits::Bits" /* Bits */;
			targetProxy = 0480A7CF1F85160C00204C4F /* PBXContainerItemProxy */;
		};
		OBJ_275 /* PBXTargetDependency */ = {
			isa = PBXTargetDependency;
			target = "Node::PathIndexable" /* PathIndexable */;
			targetProxy = 0480A7D01F85160C00204C4F /* PBXContainerItemProxy */;
		};
		OBJ_314 /* PBXTargetDependency */ = {
			isa = PBXTargetDependency;
			target = "Debugging::Debugging" /* Debugging */;
			targetProxy = 0480A7CA1F85160C00204C4F /* PBXContainerItemProxy */;
		};
		OBJ_315 /* PBXTargetDependency */ = {
			isa = PBXTargetDependency;
			target = "Bits::Bits" /* Bits */;
			targetProxy = 0480A7CB1F85160C00204C4F /* PBXContainerItemProxy */;
		};
		OBJ_316 /* PBXTargetDependency */ = {
			isa = PBXTargetDependency;
			target = "Core::libc" /* libc */;
			targetProxy = 0480A7CC1F85160C00204C4F /* PBXContainerItemProxy */;
		};
		OBJ_357 /* PBXTargetDependency */ = {
			isa = PBXTargetDependency;
			target = "JSON::JSONTests" /* JSONTests */;
			targetProxy = 0480A7DD1F85160D00204C4F /* PBXContainerItemProxy */;
		};
/* End PBXTargetDependency section */

/* Begin XCBuildConfiguration section */
		OBJ_140 /* Debug */ = {
			isa = XCBuildConfiguration;
			buildSettings = {
				LD = /usr/bin/true;
				OTHER_SWIFT_FLAGS = "-swift-version 4 -I /Applications/Xcode.app/Contents/Developer/Toolchains/XcodeDefault.xctoolchain/usr/lib/swift/pm/4 -target x86_64-apple-macosx10.10 -sdk /Applications/Xcode.app/Contents/Developer/Platforms/MacOSX.platform/Developer/SDKs/MacOSX10.13.sdk";
				SWIFT_VERSION = 4.0;
			};
			name = Debug;
		};
		OBJ_141 /* Release */ = {
			isa = XCBuildConfiguration;
			buildSettings = {
				LD = /usr/bin/true;
				OTHER_SWIFT_FLAGS = "-swift-version 4 -I /Applications/Xcode.app/Contents/Developer/Toolchains/XcodeDefault.xctoolchain/usr/lib/swift/pm/4 -target x86_64-apple-macosx10.10 -sdk /Applications/Xcode.app/Contents/Developer/Platforms/MacOSX.platform/Developer/SDKs/MacOSX10.13.sdk";
				SWIFT_VERSION = 4.0;
			};
			name = Release;
		};
		OBJ_146 /* Debug */ = {
			isa = XCBuildConfiguration;
			buildSettings = {
				LD = /usr/bin/true;
				OTHER_SWIFT_FLAGS = "-swift-version 4 -I /Applications/Xcode.app/Contents/Developer/Toolchains/XcodeDefault.xctoolchain/usr/lib/swift/pm/4 -target x86_64-apple-macosx10.10 -sdk /Applications/Xcode.app/Contents/Developer/Platforms/MacOSX.platform/Developer/SDKs/MacOSX10.13.sdk";
				SWIFT_VERSION = 4.0;
			};
			name = Debug;
		};
		OBJ_147 /* Release */ = {
			isa = XCBuildConfiguration;
			buildSettings = {
				LD = /usr/bin/true;
				OTHER_SWIFT_FLAGS = "-swift-version 4 -I /Applications/Xcode.app/Contents/Developer/Toolchains/XcodeDefault.xctoolchain/usr/lib/swift/pm/4 -target x86_64-apple-macosx10.10 -sdk /Applications/Xcode.app/Contents/Developer/Platforms/MacOSX.platform/Developer/SDKs/MacOSX10.13.sdk";
				SWIFT_VERSION = 4.0;
			};
			name = Release;
		};
		OBJ_152 /* Debug */ = {
			isa = XCBuildConfiguration;
			buildSettings = {
				LD = /usr/bin/true;
				OTHER_SWIFT_FLAGS = "-swift-version 4 -I /Applications/Xcode.app/Contents/Developer/Toolchains/XcodeDefault.xctoolchain/usr/lib/swift/pm/4 -target x86_64-apple-macosx10.10 -sdk /Applications/Xcode.app/Contents/Developer/Platforms/MacOSX.platform/Developer/SDKs/MacOSX10.13.sdk";
				SWIFT_VERSION = 4.0;
			};
			name = Debug;
		};
		OBJ_153 /* Release */ = {
			isa = XCBuildConfiguration;
			buildSettings = {
				LD = /usr/bin/true;
				OTHER_SWIFT_FLAGS = "-swift-version 4 -I /Applications/Xcode.app/Contents/Developer/Toolchains/XcodeDefault.xctoolchain/usr/lib/swift/pm/4 -target x86_64-apple-macosx10.10 -sdk /Applications/Xcode.app/Contents/Developer/Platforms/MacOSX.platform/Developer/SDKs/MacOSX10.13.sdk";
				SWIFT_VERSION = 4.0;
			};
			name = Release;
		};
		OBJ_158 /* Debug */ = {
			isa = XCBuildConfiguration;
			buildSettings = {
				LD = /usr/bin/true;
				OTHER_SWIFT_FLAGS = "-swift-version 4 -I /Applications/Xcode.app/Contents/Developer/Toolchains/XcodeDefault.xctoolchain/usr/lib/swift/pm/4 -target x86_64-apple-macosx10.10 -sdk /Applications/Xcode.app/Contents/Developer/Platforms/MacOSX.platform/Developer/SDKs/MacOSX10.13.sdk";
				SWIFT_VERSION = 4.0;
			};
			name = Debug;
		};
		OBJ_159 /* Release */ = {
			isa = XCBuildConfiguration;
			buildSettings = {
				LD = /usr/bin/true;
				OTHER_SWIFT_FLAGS = "-swift-version 4 -I /Applications/Xcode.app/Contents/Developer/Toolchains/XcodeDefault.xctoolchain/usr/lib/swift/pm/4 -target x86_64-apple-macosx10.10 -sdk /Applications/Xcode.app/Contents/Developer/Platforms/MacOSX.platform/Developer/SDKs/MacOSX10.13.sdk";
				SWIFT_VERSION = 4.0;
			};
			name = Release;
		};
		OBJ_164 /* Debug */ = {
			isa = XCBuildConfiguration;
			buildSettings = {
				LD = /usr/bin/true;
				OTHER_SWIFT_FLAGS = "-swift-version 4 -I /Applications/Xcode.app/Contents/Developer/Toolchains/XcodeDefault.xctoolchain/usr/lib/swift/pm/4 -target x86_64-apple-macosx10.10 -sdk /Applications/Xcode.app/Contents/Developer/Platforms/MacOSX.platform/Developer/SDKs/MacOSX10.13.sdk";
				SWIFT_VERSION = 4.0;
			};
			name = Debug;
		};
		OBJ_165 /* Release */ = {
			isa = XCBuildConfiguration;
			buildSettings = {
				LD = /usr/bin/true;
				OTHER_SWIFT_FLAGS = "-swift-version 4 -I /Applications/Xcode.app/Contents/Developer/Toolchains/XcodeDefault.xctoolchain/usr/lib/swift/pm/4 -target x86_64-apple-macosx10.10 -sdk /Applications/Xcode.app/Contents/Developer/Platforms/MacOSX.platform/Developer/SDKs/MacOSX10.13.sdk";
				SWIFT_VERSION = 4.0;
			};
			name = Release;
		};
		OBJ_170 /* Debug */ = {
			isa = XCBuildConfiguration;
			buildSettings = {
				EMBEDDED_CONTENT_CONTAINS_SWIFT = YES;
				FRAMEWORK_SEARCH_PATHS = (
					"$(inherited)",
					"$(PLATFORM_DIR)/Developer/Library/Frameworks",
				);
				HEADER_SEARCH_PATHS = "$(inherited)";
				INFOPLIST_FILE = JSON.xcodeproj/JSONTests_Info.plist;
				LD_RUNPATH_SEARCH_PATHS = "@loader_path/../Frameworks @loader_path/Frameworks";
				OTHER_LDFLAGS = "$(inherited)";
				OTHER_SWIFT_FLAGS = "$(inherited)";
				SWIFT_VERSION = 4.0;
				TARGET_NAME = JSONTests;
			};
			name = Debug;
		};
		OBJ_171 /* Release */ = {
			isa = XCBuildConfiguration;
			buildSettings = {
				EMBEDDED_CONTENT_CONTAINS_SWIFT = YES;
				FRAMEWORK_SEARCH_PATHS = (
					"$(inherited)",
					"$(PLATFORM_DIR)/Developer/Library/Frameworks",
				);
				HEADER_SEARCH_PATHS = "$(inherited)";
				INFOPLIST_FILE = JSON.xcodeproj/JSONTests_Info.plist;
				LD_RUNPATH_SEARCH_PATHS = "@loader_path/../Frameworks @loader_path/Frameworks";
				OTHER_LDFLAGS = "$(inherited)";
				OTHER_SWIFT_FLAGS = "$(inherited)";
				SWIFT_VERSION = 4.0;
				TARGET_NAME = JSONTests;
			};
			name = Release;
		};
		OBJ_198 /* Debug */ = {
			isa = XCBuildConfiguration;
			buildSettings = {
				ENABLE_TESTABILITY = YES;
				FRAMEWORK_SEARCH_PATHS = (
					"$(inherited)",
					"$(PROJECT_DIR)/Carthage/Build/iOS",
				);
				HEADER_SEARCH_PATHS = "$(inherited)";
				INFOPLIST_FILE = JSON.xcodeproj/JSON_Info.plist;
				LD_RUNPATH_SEARCH_PATHS = "$(TOOLCHAIN_DIR)/usr/lib/swift/macosx";
				OTHER_LDFLAGS = "$(inherited)";
				OTHER_SWIFT_FLAGS = "$(inherited)";
				PRODUCT_BUNDLE_IDENTIFIER = JSON;
				PRODUCT_MODULE_NAME = "$(TARGET_NAME:c99extidentifier)";
				PRODUCT_NAME = "$(TARGET_NAME:c99extidentifier)";
				SKIP_INSTALL = YES;
				SWIFT_VERSION = 4.0;
				TARGET_NAME = JSON;
			};
			name = Debug;
		};
		OBJ_199 /* Release */ = {
			isa = XCBuildConfiguration;
			buildSettings = {
				ENABLE_TESTABILITY = YES;
				FRAMEWORK_SEARCH_PATHS = (
					"$(inherited)",
					"$(PROJECT_DIR)/Carthage/Build/iOS",
				);
				HEADER_SEARCH_PATHS = "$(inherited)";
				INFOPLIST_FILE = JSON.xcodeproj/JSON_Info.plist;
				LD_RUNPATH_SEARCH_PATHS = "$(TOOLCHAIN_DIR)/usr/lib/swift/macosx";
				OTHER_LDFLAGS = "$(inherited)";
				OTHER_SWIFT_FLAGS = "$(inherited)";
				PRODUCT_BUNDLE_IDENTIFIER = JSON;
				PRODUCT_MODULE_NAME = "$(TARGET_NAME:c99extidentifier)";
				PRODUCT_NAME = "$(TARGET_NAME:c99extidentifier)";
				SKIP_INSTALL = YES;
				SWIFT_VERSION = 4.0;
				TARGET_NAME = JSON;
			};
			name = Release;
		};
		OBJ_224 /* Debug */ = {
			isa = XCBuildConfiguration;
			buildSettings = {
				ENABLE_TESTABILITY = YES;
				FRAMEWORK_SEARCH_PATHS = (
					"$(inherited)",
					"$(PLATFORM_DIR)/Developer/Library/Frameworks",
				);
				HEADER_SEARCH_PATHS = "$(inherited)";
				INFOPLIST_FILE = JSON.xcodeproj/Node_Info.plist;
				LD_RUNPATH_SEARCH_PATHS = "$(TOOLCHAIN_DIR)/usr/lib/swift/macosx";
				OTHER_LDFLAGS = "$(inherited)";
				OTHER_SWIFT_FLAGS = "$(inherited)";
				PRODUCT_BUNDLE_IDENTIFIER = Node;
				PRODUCT_MODULE_NAME = "$(TARGET_NAME:c99extidentifier)";
				PRODUCT_NAME = "$(TARGET_NAME:c99extidentifier)";
				SKIP_INSTALL = YES;
				SWIFT_VERSION = 4.0;
				TARGET_NAME = Node;
			};
			name = Debug;
		};
		OBJ_225 /* Release */ = {
			isa = XCBuildConfiguration;
			buildSettings = {
				ENABLE_TESTABILITY = YES;
				FRAMEWORK_SEARCH_PATHS = (
					"$(inherited)",
					"$(PLATFORM_DIR)/Developer/Library/Frameworks",
				);
				HEADER_SEARCH_PATHS = "$(inherited)";
				INFOPLIST_FILE = JSON.xcodeproj/Node_Info.plist;
				LD_RUNPATH_SEARCH_PATHS = "$(TOOLCHAIN_DIR)/usr/lib/swift/macosx";
				OTHER_LDFLAGS = "$(inherited)";
				OTHER_SWIFT_FLAGS = "$(inherited)";
				PRODUCT_BUNDLE_IDENTIFIER = Node;
				PRODUCT_MODULE_NAME = "$(TARGET_NAME:c99extidentifier)";
				PRODUCT_NAME = "$(TARGET_NAME:c99extidentifier)";
				SKIP_INSTALL = YES;
				SWIFT_VERSION = 4.0;
				TARGET_NAME = Node;
			};
			name = Release;
		};
		OBJ_277 /* Debug */ = {
			isa = XCBuildConfiguration;
			buildSettings = {
				ENABLE_TESTABILITY = YES;
				FRAMEWORK_SEARCH_PATHS = (
					"$(inherited)",
					"$(PLATFORM_DIR)/Developer/Library/Frameworks",
				);
				HEADER_SEARCH_PATHS = "$(inherited)";
				INFOPLIST_FILE = JSON.xcodeproj/PathIndexable_Info.plist;
				LD_RUNPATH_SEARCH_PATHS = "$(TOOLCHAIN_DIR)/usr/lib/swift/macosx";
				OTHER_LDFLAGS = "$(inherited)";
				OTHER_SWIFT_FLAGS = "$(inherited)";
				PRODUCT_BUNDLE_IDENTIFIER = PathIndexable;
				PRODUCT_MODULE_NAME = "$(TARGET_NAME:c99extidentifier)";
				PRODUCT_NAME = "$(TARGET_NAME:c99extidentifier)";
				SKIP_INSTALL = YES;
				SWIFT_VERSION = 4.0;
				TARGET_NAME = PathIndexable;
			};
			name = Debug;
		};
		OBJ_278 /* Release */ = {
			isa = XCBuildConfiguration;
			buildSettings = {
				ENABLE_TESTABILITY = YES;
				FRAMEWORK_SEARCH_PATHS = (
					"$(inherited)",
					"$(PLATFORM_DIR)/Developer/Library/Frameworks",
				);
				HEADER_SEARCH_PATHS = "$(inherited)";
				INFOPLIST_FILE = JSON.xcodeproj/PathIndexable_Info.plist;
				LD_RUNPATH_SEARCH_PATHS = "$(TOOLCHAIN_DIR)/usr/lib/swift/macosx";
				OTHER_LDFLAGS = "$(inherited)";
				OTHER_SWIFT_FLAGS = "$(inherited)";
				PRODUCT_BUNDLE_IDENTIFIER = PathIndexable;
				PRODUCT_MODULE_NAME = "$(TARGET_NAME:c99extidentifier)";
				PRODUCT_NAME = "$(TARGET_NAME:c99extidentifier)";
				SKIP_INSTALL = YES;
				SWIFT_VERSION = 4.0;
				TARGET_NAME = PathIndexable;
			};
			name = Release;
		};
		OBJ_284 /* Debug */ = {
			isa = XCBuildConfiguration;
			buildSettings = {
				ENABLE_TESTABILITY = YES;
				FRAMEWORK_SEARCH_PATHS = (
					"$(inherited)",
					"$(PLATFORM_DIR)/Developer/Library/Frameworks",
				);
				HEADER_SEARCH_PATHS = "$(inherited)";
				INFOPLIST_FILE = JSON.xcodeproj/Core_Info.plist;
				LD_RUNPATH_SEARCH_PATHS = "$(TOOLCHAIN_DIR)/usr/lib/swift/macosx";
				OTHER_LDFLAGS = "$(inherited)";
				OTHER_SWIFT_FLAGS = "$(inherited)";
				PRODUCT_BUNDLE_IDENTIFIER = Core;
				PRODUCT_MODULE_NAME = "$(TARGET_NAME:c99extidentifier)";
				PRODUCT_NAME = "$(TARGET_NAME:c99extidentifier)";
				SKIP_INSTALL = YES;
				SWIFT_VERSION = 4.0;
				TARGET_NAME = Core;
			};
			name = Debug;
		};
		OBJ_285 /* Release */ = {
			isa = XCBuildConfiguration;
			buildSettings = {
				ENABLE_TESTABILITY = YES;
				FRAMEWORK_SEARCH_PATHS = (
					"$(inherited)",
					"$(PLATFORM_DIR)/Developer/Library/Frameworks",
				);
				HEADER_SEARCH_PATHS = "$(inherited)";
				INFOPLIST_FILE = JSON.xcodeproj/Core_Info.plist;
				LD_RUNPATH_SEARCH_PATHS = "$(TOOLCHAIN_DIR)/usr/lib/swift/macosx";
				OTHER_LDFLAGS = "$(inherited)";
				OTHER_SWIFT_FLAGS = "$(inherited)";
				PRODUCT_BUNDLE_IDENTIFIER = Core;
				PRODUCT_MODULE_NAME = "$(TARGET_NAME:c99extidentifier)";
				PRODUCT_NAME = "$(TARGET_NAME:c99extidentifier)";
				SKIP_INSTALL = YES;
				SWIFT_VERSION = 4.0;
				TARGET_NAME = Core;
			};
			name = Release;
		};
		OBJ_3 /* Debug */ = {
			isa = XCBuildConfiguration;
			buildSettings = {
				CLANG_ENABLE_OBJC_ARC = YES;
				COMBINE_HIDPI_IMAGES = YES;
				COPY_PHASE_STRIP = NO;
				DEBUG_INFORMATION_FORMAT = dwarf;
				DYLIB_INSTALL_NAME_BASE = "@rpath";
				ENABLE_NS_ASSERTIONS = YES;
				FRAMEWORK_SEARCH_PATHS = "$(inherited)";
				GCC_OPTIMIZATION_LEVEL = 0;
				MACOSX_DEPLOYMENT_TARGET = 10.10;
				ONLY_ACTIVE_ARCH = YES;
				OTHER_SWIFT_FLAGS = "-DXcode";
				PRODUCT_NAME = "$(TARGET_NAME)";
				SDKROOT = iphoneos;
				SUPPORTED_PLATFORMS = "iphonesimulator iphoneos";
				SWIFT_ACTIVE_COMPILATION_CONDITIONS = SWIFT_PACKAGE;
				SWIFT_OPTIMIZATION_LEVEL = "-Onone";
				USE_HEADERMAP = NO;
			};
			name = Debug;
		};
		OBJ_318 /* Debug */ = {
			isa = XCBuildConfiguration;
			buildSettings = {
				ENABLE_TESTABILITY = YES;
				FRAMEWORK_SEARCH_PATHS = (
					"$(inherited)",
					"$(PLATFORM_DIR)/Developer/Library/Frameworks",
				);
				HEADER_SEARCH_PATHS = "$(inherited)";
				INFOPLIST_FILE = JSON.xcodeproj/Debugging_Info.plist;
				LD_RUNPATH_SEARCH_PATHS = "$(TOOLCHAIN_DIR)/usr/lib/swift/macosx";
				OTHER_LDFLAGS = "$(inherited)";
				OTHER_SWIFT_FLAGS = "$(inherited)";
				PRODUCT_BUNDLE_IDENTIFIER = Debugging;
				PRODUCT_MODULE_NAME = "$(TARGET_NAME:c99extidentifier)";
				PRODUCT_NAME = "$(TARGET_NAME:c99extidentifier)";
				SKIP_INSTALL = YES;
				SWIFT_VERSION = 4.0;
				TARGET_NAME = Debugging;
			};
			name = Debug;
		};
		OBJ_319 /* Release */ = {
			isa = XCBuildConfiguration;
			buildSettings = {
				ENABLE_TESTABILITY = YES;
				FRAMEWORK_SEARCH_PATHS = (
					"$(inherited)",
					"$(PLATFORM_DIR)/Developer/Library/Frameworks",
				);
				HEADER_SEARCH_PATHS = "$(inherited)";
				INFOPLIST_FILE = JSON.xcodeproj/Debugging_Info.plist;
				LD_RUNPATH_SEARCH_PATHS = "$(TOOLCHAIN_DIR)/usr/lib/swift/macosx";
				OTHER_LDFLAGS = "$(inherited)";
				OTHER_SWIFT_FLAGS = "$(inherited)";
				PRODUCT_BUNDLE_IDENTIFIER = Debugging;
				PRODUCT_MODULE_NAME = "$(TARGET_NAME:c99extidentifier)";
				PRODUCT_NAME = "$(TARGET_NAME:c99extidentifier)";
				SKIP_INSTALL = YES;
				SWIFT_VERSION = 4.0;
				TARGET_NAME = Debugging;
			};
			name = Release;
		};
		OBJ_324 /* Debug */ = {
			isa = XCBuildConfiguration;
			buildSettings = {
				ENABLE_TESTABILITY = YES;
				FRAMEWORK_SEARCH_PATHS = (
					"$(inherited)",
					"$(PLATFORM_DIR)/Developer/Library/Frameworks",
				);
				HEADER_SEARCH_PATHS = "$(inherited)";
				INFOPLIST_FILE = JSON.xcodeproj/Bits_Info.plist;
				LD_RUNPATH_SEARCH_PATHS = "$(TOOLCHAIN_DIR)/usr/lib/swift/macosx";
				OTHER_LDFLAGS = "$(inherited)";
				OTHER_SWIFT_FLAGS = "$(inherited)";
				PRODUCT_BUNDLE_IDENTIFIER = Bits;
				PRODUCT_MODULE_NAME = "$(TARGET_NAME:c99extidentifier)";
				PRODUCT_NAME = "$(TARGET_NAME:c99extidentifier)";
				SKIP_INSTALL = YES;
				SWIFT_VERSION = 4.0;
				TARGET_NAME = Bits;
			};
			name = Debug;
		};
		OBJ_325 /* Release */ = {
			isa = XCBuildConfiguration;
			buildSettings = {
				ENABLE_TESTABILITY = YES;
				FRAMEWORK_SEARCH_PATHS = (
					"$(inherited)",
					"$(PLATFORM_DIR)/Developer/Library/Frameworks",
				);
				HEADER_SEARCH_PATHS = "$(inherited)";
				INFOPLIST_FILE = JSON.xcodeproj/Bits_Info.plist;
				LD_RUNPATH_SEARCH_PATHS = "$(TOOLCHAIN_DIR)/usr/lib/swift/macosx";
				OTHER_LDFLAGS = "$(inherited)";
				OTHER_SWIFT_FLAGS = "$(inherited)";
				PRODUCT_BUNDLE_IDENTIFIER = Bits;
				PRODUCT_MODULE_NAME = "$(TARGET_NAME:c99extidentifier)";
				PRODUCT_NAME = "$(TARGET_NAME:c99extidentifier)";
				SKIP_INSTALL = YES;
				SWIFT_VERSION = 4.0;
				TARGET_NAME = Bits;
			};
			name = Release;
		};
		OBJ_348 /* Debug */ = {
			isa = XCBuildConfiguration;
			buildSettings = {
				ENABLE_TESTABILITY = YES;
				FRAMEWORK_SEARCH_PATHS = (
					"$(inherited)",
					"$(PLATFORM_DIR)/Developer/Library/Frameworks",
				);
				HEADER_SEARCH_PATHS = "$(inherited)";
				INFOPLIST_FILE = JSON.xcodeproj/libc_Info.plist;
				LD_RUNPATH_SEARCH_PATHS = "$(TOOLCHAIN_DIR)/usr/lib/swift/macosx";
				OTHER_LDFLAGS = "$(inherited)";
				OTHER_SWIFT_FLAGS = "$(inherited)";
				PRODUCT_BUNDLE_IDENTIFIER = libc;
				PRODUCT_MODULE_NAME = "$(TARGET_NAME:c99extidentifier)";
				PRODUCT_NAME = "$(TARGET_NAME:c99extidentifier)";
				SKIP_INSTALL = YES;
				SWIFT_VERSION = 4.0;
				TARGET_NAME = libc;
			};
			name = Debug;
		};
		OBJ_349 /* Release */ = {
			isa = XCBuildConfiguration;
			buildSettings = {
				ENABLE_TESTABILITY = YES;
				FRAMEWORK_SEARCH_PATHS = (
					"$(inherited)",
					"$(PLATFORM_DIR)/Developer/Library/Frameworks",
				);
				HEADER_SEARCH_PATHS = "$(inherited)";
				INFOPLIST_FILE = JSON.xcodeproj/libc_Info.plist;
				LD_RUNPATH_SEARCH_PATHS = "$(TOOLCHAIN_DIR)/usr/lib/swift/macosx";
				OTHER_LDFLAGS = "$(inherited)";
				OTHER_SWIFT_FLAGS = "$(inherited)";
				PRODUCT_BUNDLE_IDENTIFIER = libc;
				PRODUCT_MODULE_NAME = "$(TARGET_NAME:c99extidentifier)";
				PRODUCT_NAME = "$(TARGET_NAME:c99extidentifier)";
				SKIP_INSTALL = YES;
				SWIFT_VERSION = 4.0;
				TARGET_NAME = libc;
			};
			name = Release;
		};
		OBJ_355 /* Debug */ = {
			isa = XCBuildConfiguration;
			buildSettings = {
			};
			name = Debug;
		};
		OBJ_356 /* Release */ = {
			isa = XCBuildConfiguration;
			buildSettings = {
			};
			name = Release;
		};
		OBJ_4 /* Release */ = {
			isa = XCBuildConfiguration;
			buildSettings = {
				CLANG_ENABLE_OBJC_ARC = YES;
				COMBINE_HIDPI_IMAGES = YES;
				COPY_PHASE_STRIP = YES;
				DEBUG_INFORMATION_FORMAT = "dwarf-with-dsym";
				DYLIB_INSTALL_NAME_BASE = "@rpath";
				FRAMEWORK_SEARCH_PATHS = "$(inherited)";
				GCC_OPTIMIZATION_LEVEL = s;
				MACOSX_DEPLOYMENT_TARGET = 10.10;
				OTHER_SWIFT_FLAGS = "-DXcode";
				PRODUCT_NAME = "$(TARGET_NAME)";
				SDKROOT = iphoneos;
				SUPPORTED_PLATFORMS = "iphonesimulator iphoneos";
				SWIFT_ACTIVE_COMPILATION_CONDITIONS = SWIFT_PACKAGE;
				SWIFT_OPTIMIZATION_LEVEL = "-Owholemodule";
				USE_HEADERMAP = NO;
			};
			name = Release;
		};
/* End XCBuildConfiguration section */

/* Begin XCConfigurationList section */
		OBJ_139 /* Build configuration list for PBXNativeTarget "JSONPackageDescription" */ = {
			isa = XCConfigurationList;
			buildConfigurations = (
				OBJ_140 /* Debug */,
				OBJ_141 /* Release */,
			);
			defaultConfigurationIsVisible = 0;
			defaultConfigurationName = Debug;
		};
		OBJ_145 /* Build configuration list for PBXNativeTarget "NodePackageDescription" */ = {
			isa = XCConfigurationList;
			buildConfigurations = (
				OBJ_146 /* Debug */,
				OBJ_147 /* Release */,
			);
			defaultConfigurationIsVisible = 0;
			defaultConfigurationName = Debug;
		};
		OBJ_151 /* Build configuration list for PBXNativeTarget "CorePackageDescription" */ = {
			isa = XCConfigurationList;
			buildConfigurations = (
				OBJ_152 /* Debug */,
				OBJ_153 /* Release */,
			);
			defaultConfigurationIsVisible = 0;
			defaultConfigurationName = Debug;
		};
		OBJ_157 /* Build configuration list for PBXNativeTarget "DebuggingPackageDescription" */ = {
			isa = XCConfigurationList;
			buildConfigurations = (
				OBJ_158 /* Debug */,
				OBJ_159 /* Release */,
			);
			defaultConfigurationIsVisible = 0;
			defaultConfigurationName = Debug;
		};
		OBJ_163 /* Build configuration list for PBXNativeTarget "BitsPackageDescription" */ = {
			isa = XCConfigurationList;
			buildConfigurations = (
				OBJ_164 /* Debug */,
				OBJ_165 /* Release */,
			);
			defaultConfigurationIsVisible = 0;
			defaultConfigurationName = Debug;
		};
		OBJ_169 /* Build configuration list for PBXNativeTarget "JSONTests" */ = {
			isa = XCConfigurationList;
			buildConfigurations = (
				OBJ_170 /* Debug */,
				OBJ_171 /* Release */,
			);
			defaultConfigurationIsVisible = 0;
			defaultConfigurationName = Debug;
		};
		OBJ_197 /* Build configuration list for PBXNativeTarget "JSON" */ = {
			isa = XCConfigurationList;
			buildConfigurations = (
				OBJ_198 /* Debug */,
				OBJ_199 /* Release */,
			);
			defaultConfigurationIsVisible = 0;
			defaultConfigurationName = Debug;
		};
		OBJ_2 /* Build configuration list for PBXProject "JSON" */ = {
			isa = XCConfigurationList;
			buildConfigurations = (
				OBJ_3 /* Debug */,
				OBJ_4 /* Release */,
			);
			defaultConfigurationIsVisible = 0;
			defaultConfigurationName = Debug;
		};
		OBJ_223 /* Build configuration list for PBXNativeTarget "Node" */ = {
			isa = XCConfigurationList;
			buildConfigurations = (
				OBJ_224 /* Debug */,
				OBJ_225 /* Release */,
			);
			defaultConfigurationIsVisible = 0;
			defaultConfigurationName = Debug;
		};
		OBJ_276 /* Build configuration list for PBXNativeTarget "PathIndexable" */ = {
			isa = XCConfigurationList;
			buildConfigurations = (
				OBJ_277 /* Debug */,
				OBJ_278 /* Release */,
			);
			defaultConfigurationIsVisible = 0;
			defaultConfigurationName = Debug;
		};
		OBJ_283 /* Build configuration list for PBXNativeTarget "Core" */ = {
			isa = XCConfigurationList;
			buildConfigurations = (
				OBJ_284 /* Debug */,
				OBJ_285 /* Release */,
			);
			defaultConfigurationIsVisible = 0;
			defaultConfigurationName = Debug;
		};
		OBJ_317 /* Build configuration list for PBXNativeTarget "Debugging" */ = {
			isa = XCConfigurationList;
			buildConfigurations = (
				OBJ_318 /* Debug */,
				OBJ_319 /* Release */,
			);
			defaultConfigurationIsVisible = 0;
			defaultConfigurationName = Debug;
		};
		OBJ_323 /* Build configuration list for PBXNativeTarget "Bits" */ = {
			isa = XCConfigurationList;
			buildConfigurations = (
				OBJ_324 /* Debug */,
				OBJ_325 /* Release */,
			);
			defaultConfigurationIsVisible = 0;
			defaultConfigurationName = Debug;
		};
		OBJ_347 /* Build configuration list for PBXNativeTarget "libc" */ = {
			isa = XCConfigurationList;
			buildConfigurations = (
				OBJ_348 /* Debug */,
				OBJ_349 /* Release */,
			);
			defaultConfigurationIsVisible = 0;
			defaultConfigurationName = Debug;
		};
		OBJ_354 /* Build configuration list for PBXAggregateTarget "JSONPackageTests" */ = {
			isa = XCConfigurationList;
			buildConfigurations = (
				OBJ_355 /* Debug */,
				OBJ_356 /* Release */,
			);
			defaultConfigurationIsVisible = 0;
			defaultConfigurationName = Debug;
		};
/* End XCConfigurationList section */
	};
	rootObject = OBJ_1 /* Project object */;
}
